
Microsoft Visual Studio Solution File, Format Version 12.00
# Visual Studio Version 18
VisualStudioVersion = 18.0.11222.15 d18.0
MinimumVisualStudioVersion = 10.0.40219.1
Project("{FAE04EC0-301F-11D3-BF4B-00C04F79EFBC}") = "XafApiConverter.TestProject", "XafApiConverter.TestProject.csproj", "{FAC80F83-2F65-D4DC-A329-A481E4EA62AA}"
EndProject
Global
	GlobalSection(SolutionConfigurationPlatforms) = preSolution
		Debug|Any CPU = Debug|Any CPU
		Release|Any CPU = Release|Any CPU
	EndGlobalSection
	GlobalSection(ProjectConfigurationPlatforms) = postSolution
		{FAC80F83-2F65-D4DC-A329-A481E4EA62AA}.Debug|Any CPU.ActiveCfg = Debug|Any CPU
		{FAC80F83-2F65-D4DC-A329-A481E4EA62AA}.Debug|Any CPU.Build.0 = Debug|Any CPU
		{FAC80F83-2F65-D4DC-A329-A481E4EA62AA}.Release|Any CPU.ActiveCfg = Release|Any CPU
		{FAC80F83-2F65-D4DC-A329-A481E4EA62AA}.Release|Any CPU.Build.0 = Release|Any CPU
	EndGlobalSection
	GlobalSection(SolutionProperties) = preSolution
		HideSolutionNode = FALSE
	EndGlobalSection
	GlobalSection(ExtensibilityGlobals) = postSolution
		SolutionGuid = {35AFB132-46E5-4DAA-A48D-46AB175179A3}
	EndGlobalSection
EndGlobal
